
Microsoft Visual Studio Solution File, Format Version 12.00
# Visual Studio Version 16
VisualStudioVersion = 16.0.29709.97
MinimumVisualStudioVersion = 10.0.40219.1
Project("{FAE04EC0-301F-11D3-BF4B-00C04F79EFBC}") = "zadanie7", "zadanie7\zadanie7.csproj", "{337DF353-1E0A-4D57-BD8E-5FE2EDC8434E}"
EndProject
Global
	GlobalSection(SolutionConfigurationPlatforms) = preSolution
		Debug|Any CPU = Debug|Any CPU
		Release|Any CPU = Release|Any CPU
	EndGlobalSection
	GlobalSection(ProjectConfigurationPlatforms) = postSolution
		{337DF353-1E0A-4D57-BD8E-5FE2EDC8434E}.Debug|Any CPU.ActiveCfg = Debug|Any CPU
		{337DF353-1E0A-4D57-BD8E-5FE2EDC8434E}.Debug|Any CPU.Build.0 = Debug|Any CPU
		{337DF353-1E0A-4D57-BD8E-5FE2EDC8434E}.Release|Any CPU.ActiveCfg = Release|Any CPU
		{337DF353-1E0A-4D57-BD8E-5FE2EDC8434E}.Release|Any CPU.Build.0 = Release|Any CPU
	EndGlobalSection
	GlobalSection(SolutionProperties) = preSolution
		HideSolutionNode = FALSE
	EndGlobalSection
	GlobalSection(ExtensibilityGlobals) = postSolution
		SolutionGuid = {3CFAB2C5-856E-491F-A17F-4BA4B59BF4FB}
	EndGlobalSection
EndGlobal
